
Microsoft Visual Studio Solution File, Format Version 12.00
# Visual Studio Version 16
VisualStudioVersion = 16.0.30011.22
MinimumVisualStudioVersion = 10.0.40219.1
Project("{9A19103F-16F7-4668-BE54-9A1E7A4F7556}") = "Microservice.RabbitMQMessageBrokerExtension", "Microservice.RabbitMQMessageBrokerExtension\Microservice.RabbitMQMessageBrokerExtension.csproj", "{62020B96-F49A-4EE0-81BB-5A5A7A95B126}"
EndProject
Project("{9A19103F-16F7-4668-BE54-9A1E7A4F7556}") = "Microservice.RabbitMQMessageBrokerExtension.Unit.Tests", "Microservice.RabbitMQMessageBrokerExtension.Unit.Tests\Microservice.RabbitMQMessageBrokerExtension.Unit.Tests.csproj", "{BAA51D86-FC0A-4F80-8DE4-12564F68740F}"
EndProject
Global
	GlobalSection(SolutionConfigurationPlatforms) = preSolution
		Debug|Any CPU = Debug|Any CPU
		Release|Any CPU = Release|Any CPU
	EndGlobalSection
	GlobalSection(ProjectConfigurationPlatforms) = postSolution
		{62020B96-F49A-4EE0-81BB-5A5A7A95B126}.Debug|Any CPU.ActiveCfg = Debug|Any CPU
		{62020B96-F49A-4EE0-81BB-5A5A7A95B126}.Debug|Any CPU.Build.0 = Debug|Any CPU
		{62020B96-F49A-4EE0-81BB-5A5A7A95B126}.Release|Any CPU.ActiveCfg = Release|Any CPU
		{62020B96-F49A-4EE0-81BB-5A5A7A95B126}.Release|Any CPU.Build.0 = Release|Any CPU
		{BAA51D86-FC0A-4F80-8DE4-12564F68740F}.Debug|Any CPU.ActiveCfg = Debug|Any CPU
		{BAA51D86-FC0A-4F80-8DE4-12564F68740F}.Debug|Any CPU.Build.0 = Debug|Any CPU
		{BAA51D86-FC0A-4F80-8DE4-12564F68740F}.Release|Any CPU.ActiveCfg = Release|Any CPU
		{BAA51D86-FC0A-4F80-8DE4-12564F68740F}.Release|Any CPU.Build.0 = Release|Any CPU
	EndGlobalSection
	GlobalSection(SolutionProperties) = preSolution
		HideSolutionNode = FALSE
	EndGlobalSection
	GlobalSection(ExtensibilityGlobals) = postSolution
		SolutionGuid = {707DC9FC-FD48-48F4-B16C-E50E322B69CE}
	EndGlobalSection
EndGlobal
